// !$*UTF8*$!
{
	archiveVersion = 1;
	classes = {
	};
	objectVersion = 50;
	objects = {

/* Begin PBXBuildFile section */
		EF6E012723D6ACE5004C5A04 /* AppDelegate.swift in Sources */ = {isa = PBXBuildFile; fileRef = EF6E012623D6ACE5004C5A04 /* AppDelegate.swift */; };
		EF6E012923D6ACE5004C5A04 /* SceneDelegate.swift in Sources */ = {isa = PBXBuildFile; fileRef = EF6E012823D6ACE5004C5A04 /* SceneDelegate.swift */; };
		EF6E012B23D6ACE5004C5A04 /* ViewController.swift in Sources */ = {isa = PBXBuildFile; fileRef = EF6E012A23D6ACE5004C5A04 /* ViewController.swift */; };
		EF6E012E23D6ACE5004C5A04 /* Main.storyboard in Resources */ = {isa = PBXBuildFile; fileRef = EF6E012C23D6ACE5004C5A04 /* Main.storyboard */; };
		EF6E013023D6ACE7004C5A04 /* Assets.xcassets in Resources */ = {isa = PBXBuildFile; fileRef = EF6E012F23D6ACE7004C5A04 /* Assets.xcassets */; };
		EF6E013323D6ACE7004C5A04 /* LaunchScreen.storyboard in Resources */ = {isa = PBXBuildFile; fileRef = EF6E013123D6ACE7004C5A04 /* LaunchScreen.storyboard */; };
/* End PBXBuildFile section */

/* Begin PBXFileReference section */
		EF6E012323D6ACE5004C5A04 /* Two Button Challenge.app */ = {isa = PBXFileReference; explicitFileType = wrapper.application; includeInIndex = 0; path = "Two Button Challenge.app"; sourceTree = BUILT_PRODUCTS_DIR; };
		EF6E012623D6ACE5004C5A04 /* AppDelegate.swift */ = {isa = PBXFileReference; lastKnownFileType = sourcecode.swift; path = AppDelegate.swift; sourceTree = "<group>"; };
		EF6E012823D6ACE5004C5A04 /* SceneDelegate.swift */ = {isa = PBXFileReference; lastKnownFileType = sourcecode.swift; path = SceneDelegate.swift; sourceTree = "<group>"; };
		EF6E012A23D6ACE5004C5A04 /* ViewController.swift */ = {isa = PBXFileReference; lastKnownFileType = sourcecode.swift; path = ViewController.swift; sourceTree = "<group>"; };
		EF6E012D23D6ACE5004C5A04 /* Base */ = {isa = PBXFileReference; lastKnownFileType = file.storyboard; name = Base; path = Base.lproj/Main.storyboard; sourceTree = "<group>"; };
		EF6E012F23D6ACE7004C5A04 /* Assets.xcassets */ = {isa = PBXFileReference; lastKnownFileType = folder.assetcatalog; path = Assets.xcassets; sourceTree = "<group>"; };
		EF6E013223D6ACE7004C5A04 /* Base */ = {isa = PBXFileReference; lastKnownFileType = file.storyboard; name = Base; path = Base.lproj/LaunchScreen.storyboard; sourceTree = "<group>"; };
		EF6E013423D6ACE7004C5A04 /* Info.plist */ = {isa = PBXFileReference; lastKnownFileType = text.plist.xml; path = Info.plist; sourceTree = "<group>"; };
/* End PBXFileReference section */

/* Begin PBXFrameworksBuildPhase section */
		EF6E012023D6ACE5004C5A04 /* Frameworks */ = {
			isa = PBXFrameworksBuildPhase;
			buildActionMask = 2147483647;
			files = (
			);
			runOnlyForDeploymentPostprocessing = 0;
		};
/* End PBXFrameworksBuildPhase section */

/* Begin PBXGroup section */
		EF6E011A23D6ACE5004C5A04 = {
			isa = PBXGroup;
			children = (
				EF6E012523D6ACE5004C5A04 /* Two Button Challenge */,
				EF6E012423D6ACE5004C5A04 /* Products */,
			);
			sourceTree = "<group>";
		};
		EF6E012423D6ACE5004C5A04 /* Products */ = {
			isa = PBXGroup;
			children = (
				EF6E012323D6ACE5004C5A04 /* Two Button Challenge.app */,
			);
			name = Products;
			sourceTree = "<group>";
		};
		EF6E012523D6ACE5004C5A04 /* Two Button Challenge */ = {
			isa = PBXGroup;
			children = (
				EF6E012623D6ACE5004C5A04 /* AppDelegate.swift */,
				EF6E012823D6ACE5004C5A04 /* SceneDelegate.swift */,
				EF6E012A23D6ACE5004C5A04 /* ViewController.swift */,
				EF6E012C23D6ACE5004C5A04 /* Main.storyboard */,
				EF6E012F23D6ACE7004C5A04 /* Assets.xcassets */,
				EF6E013123D6ACE7004C5A04 /* LaunchScreen.storyboard */,
				EF6E013423D6ACE7004C5A04 /* Info.plist */,
			);
			path = "Two Button Challenge";
			sourceTree = "<group>";
		};
/* End PBXGroup section */

/* Begin PBXNativeTarget section */
		EF6E012223D6ACE5004C5A04 /* Two Button Challenge */ = {
			isa = PBXNativeTarget;
			buildConfigurationList = EF6E013723D6ACE7004C5A04 /* Build configuration list for PBXNativeTarget "Two Button Challenge" */;
			buildPhases = (
				EF6E011F23D6ACE5004C5A04 /* Sources */,
				EF6E012023D6ACE5004C5A04 /* Frameworks */,
				EF6E012123D6ACE5004C5A04 /* Resources */,
			);
			buildRules = (
			);
			dependencies = (
			);
			name = "Two Button Challenge";
			productName = "Two Button Challenge";
			productReference = EF6E012323D6ACE5004C5A04 /* Two Button Challenge.app */;
			productType = "com.apple.product-type.application";
		};
/* End PBXNativeTarget section */

/* Begin PBXProject section */
		EF6E011B23D6ACE5004C5A04 /* Project object */ = {
			isa = PBXProject;
			attributes = {
				LastSwiftUpdateCheck = 1130;
				LastUpgradeCheck = 1130;
				ORGANIZATIONNAME = "Thomas Wade";
				TargetAttributes = {
					EF6E012223D6ACE5004C5A04 = {
						CreatedOnToolsVersion = 11.3.1;
					};
				};
			};
			buildConfigurationList = EF6E011E23D6ACE5004C5A04 /* Build configuration list for PBXProject "Two Button Challenge" */;
			compatibilityVersion = "Xcode 9.3";
			developmentRegion = en;
			hasScannedForEncodings = 0;
			knownRegions = (
				en,
				Base,
			);
			mainGroup = EF6E011A23D6ACE5004C5A04;
			productRefGroup = EF6E012423D6ACE5004C5A04 /* Products */;
			projectDirPath = "";
			projectRoot = "";
			targets = (
				EF6E012223D6ACE5004C5A04 /* Two Button Challenge */,
			);
		};
/* End PBXProject section */

/* Begin PBXResourcesBuildPhase section */
		EF6E012123D6ACE5004C5A04 /* Resources */ = {
			isa = PBXResourcesBuildPhase;
			buildActionMask = 2147483647;
			files = (
				EF6E013323D6ACE7004C5A04 /* LaunchScreen.storyboard in Resources */,
				EF6E013023D6ACE7004C5A04 /* Assets.xcassets in Resources */,
				EF6E012E23D6ACE5004C5A04 /* Main.storyboard in Resources */,
			);
			runOnlyForDeploymentPostprocessing = 0;
		};
/* End PBXResourcesBuildPhase section */

/* Begin PBXSourcesBuildPhase section */
		EF6E011F23D6ACE5004C5A04 /* Sources */ = {
			isa = PBXSourcesBuildPhase;
			buildActionMask = 2147483647;
			files = (
				EF6E012B23D6ACE5004C5A04 /* ViewController.swift in Sources */,
				EF6E012723D6ACE5004C5A04 /* AppDelegate.swift in Sources */,
				EF6E012923D6ACE5004C5A04 /* SceneDelegate.swift in Sources */,
			);
			runOnlyForDeploymentPostprocessing = 0;
		};
/* End PBXSourcesBuildPhase section */

/* Begin PBXVariantGroup section */
		EF6E012C23D6ACE5004C5A04 /* Main.storyboard */ = {
			isa = PBXVariantGroup;
			children = (
				EF6E012D23D6ACE5004C5A04 /* Base */,
			);
			name = Main.storyboard;
			sourceTree = "<group>";
		};
		EF6E013123D6ACE7004C5A04 /* LaunchScreen.storyboard */ = {
			isa = PBXVariantGroup;
			children = (
				EF6E013223D6ACE7004C5A04 /* Base */,
			);
			name = LaunchScreen.storyboard;
			sourceTree = "<group>";
		};
/* End PBXVariantGroup section */

/* Begin XCBuildConfiguration section */
		EF6E013523D6ACE7004C5A04 /* Debug */ = {
			isa = XCBuildConfiguration;
			buildSettings = {
				ALWAYS_SEARCH_USER_PATHS = NO;
				CLANG_ANALYZER_NONNULL = YES;
				CLANG_ANALYZER_NUMBER_OBJECT_CONVERSION = YES_AGGRESSIVE;
				CLANG_CXX_LANGUAGE_STANDARD = "gnu++14";
				CLANG_CXX_LIBRARY = "libc++";
				CLANG_ENABLE_MODULES = YES;
				CLANG_ENABLE_OBJC_ARC = YES;
				CLANG_ENABLE_OBJC_WEAK = YES;
				CLANG_WARN_BLOCK_CAPTURE_AUTORELEASING = YES;
				CLANG_WARN_BOOL_CONVERSION = YES;
				CLANG_WARN_COMMA = YES;
				CLANG_WARN_CONSTANT_CONVERSION = YES;
				CLANG_WARN_DEPRECATED_OBJC_IMPLEMENTATIONS = YES;
				CLANG_WARN_DIRECT_OBJC_ISA_USAGE = YES_ERROR;
				CLANG_WARN_DOCUMENTATION_COMMENTS = YES;
				CLANG_WARN_EMPTY_BODY = YES;
				CLANG_WARN_ENUM_CONVERSION = YES;
				CLANG_WARN_INFINITE_RECURSION = YES;
				CLANG_WARN_INT_CONVERSION = YES;
				CLANG_WARN_NON_LITERAL_NULL_CONVERSION = YES;
				CLANG_WARN_OBJC_IMPLICIT_RETAIN_SELF = YES;
				CLANG_WARN_OBJC_LITERAL_CONVERSION = YES;
				CLANG_WARN_OBJC_ROOT_CLASS = YES_ERROR;
				CLANG_WARN_RANGE_LOOP_ANALYSIS = YES;
				CLANG_WARN_STRICT_PROTOTYPES = YES;
				CLANG_WARN_SUSPICIOUS_MOVE = YES;
				CLANG_WARN_UNGUARDED_AVAILABILITY = YES_AGGRESSIVE;
				CLANG_WARN_UNREACHABLE_CODE = YES;
				CLANG_WARN__DUPLICATE_METHOD_MATCH = YES;
				COPY_PHASE_STRIP = NO;
				DEBUG_INFORMATION_FORMAT = dwarf;
				ENABLE_STRICT_OBJC_MSGSEND = YES;
				ENABLE_TESTABILITY = YES;
				GCC_C_LANGUAGE_STANDARD = gnu11;
				GCC_DYNAMIC_NO_PIC = NO;
				GCC_NO_COMMON_BLOCKS = YES;
				GCC_OPTIMIZATION_LEVEL = 0;
				GCC_PREPROCESSOR_DEFINITIONS = (
					"DEBUG=1",
					"$(inherited)",
				);
				GCC_WARN_64_TO_32_BIT_CONVERSION = YES;
				GCC_WARN_ABOUT_RETURN_TYPE = YES_ERROR;
				GCC_WARN_UNDECLARED_SELECTOR = YES;
				GCC_WARN_UNINITIALIZED_AUTOS = YES_AGGRESSIVE;
				GCC_WARN_UNUSED_FUNCTION = YES;
				GCC_WARN_UNUSED_VARIABLE = YES;
				IPHONEOS_DEPLOYMENT_TARGET = 13.2;
				MTL_ENABLE_DEBUG_INFO = INCLUDE_SOURCE;
				MTL_FAST_MATH = YES;
				ONLY_ACTIVE_ARCH = YES;
				SDKROOT = iphoneos;
				SWIFT_ACTIVE_COMPILATION_CONDITIONS = DEBUG;
				SWIFT_OPTIMIZATION_LEVEL = "-Onone";
			};
			name = Debug;
		};
		EF6E013623D6ACE7004C5A04 /* Release */ = {
			isa = XCBuildConfiguration;
			buildSettings = {
				ALWAYS_SEARCH_USER_PATHS = NO;
				CLANG_ANALYZER_NONNULL = YES;
				CLANG_ANALYZER_NUMBER_OBJECT_CONVERSION = YES_AGGRESSIVE;
				CLANG_CXX_LANGUAGE_STANDARD = "gnu++14";
				CLANG_CXX_LIBRARY = "libc++";
				CLANG_ENABLE_MODULES = YES;
				CLANG_ENABLE_OBJC_ARC = YES;
				CLANG_ENABLE_OBJC_WEAK = YES;
				CLANG_WARN_BLOCK_CAPTURE_AUTORELEASING = YES;
				CLANG_WARN_BOOL_CONVERSION = YES;
				CLANG_WARN_COMMA = YES;
				CLANG_WARN_CONSTANT_CONVERSION = YES;
				CLANG_WARN_DEPRECATED_OBJC_IMPLEMENTATIONS = YES;
				CLANG_WARN_DIRECT_OBJC_ISA_USAGE = YES_ERROR;
				CLANG_WARN_DOCUMENTATION_COMMENTS = YES;
				CLANG_WARN_EMPTY_BODY = YES;
				CLANG_WARN_ENUM_CONVERSION = YES;
				CLANG_WARN_INFINITE_RECURSION = YES;
				CLANG_WARN_INT_CONVERSION = YES;
				CLANG_WARN_NON_LITERAL_NULL_CONVERSION = YES;
				CLANG_WARN_OBJC_IMPLICIT_RETAIN_SELF = YES;
				CLANG_WARN_OBJC_LITERAL_CONVERSION = YES;
				CLANG_WARN_OBJC_ROOT_CLASS = YES_ERROR;
				CLANG_WARN_RANGE_LOOP_ANALYSIS = YES;
				CLANG_WARN_STRICT_PROTOTYPES = YES;
				CLANG_WARN_SUSPICIOUS_MOVE = YES;
				CLANG_WARN_UNGUARDED_AVAILABILITY = YES_AGGRESSIVE;
				CLANG_WARN_UNREACHABLE_CODE = YES;
				CLANG_WARN__DUPLICATE_METHOD_MATCH = YES;
				COPY_PHASE_STRIP = NO;
				DEBUG_INFORMATION_FORMAT = "dwarf-with-dsym";
				ENABLE_NS_ASSERTIONS = NO;
				ENABLE_STRICT_OBJC_MSGSEND = YES;
				GCC_C_LANGUAGE_STANDARD = gnu11;
				GCC_NO_COMMON_BLOCKS = YES;
				GCC_WARN_64_TO_32_BIT_CONVERSION = YES;
				GCC_WARN_ABOUT_RETURN_TYPE = YES_ERROR;
				GCC_WARN_UNDECLARED_SELECTOR = YES;
				GCC_WARN_UNINITIALIZED_AUTOS = YES_AGGRESSIVE;
				GCC_WARN_UNUSED_FUNCTION = YES;
				GCC_WARN_UNUSED_VARIABLE = YES;
				IPHONEOS_DEPLOYMENT_TARGET = 13.2;
				MTL_ENABLE_DEBUG_INFO = NO;
				MTL_FAST_MATH = YES;
				SDKROOT = iphoneos;
				SWIFT_COMPILATION_MODE = wholemodule;
				SWIFT_OPTIMIZATION_LEVEL = "-O";
				VALIDATE_PRODUCT = YES;
			};
			name = Release;
		};
		EF6E013823D6ACE7004C5A04 /* Debug */ = {
			isa = XCBuildConfiguration;
			buildSettings = {
				ASSETCATALOG_COMPILER_APPICON_NAME = AppIcon;
				CODE_SIGN_STYLE = Automatic;
				DEVELOPMENT_TEAM = XLH82XR636;
				INFOPLIST_FILE = "Two Button Challenge/Info.plist";
				LD_RUNPATH_SEARCH_PATHS = (
					"$(inherited)",
					"@executable_path/Frameworks",
				);
				PRODUCT_BUNDLE_IDENTIFIER = "com.tgwade12.Two-Button-Challenge";
				PRODUCT_NAME = "$(TARGET_NAME)";
				SWIFT_VERSION = 5.0;
				TARGETED_DEVICE_FAMILY = "1,2";
			};
			name = Debug;
		};
		EF6E013923D6ACE7004C5A04 /* Release */ = {
			isa = XCBuildConfiguration;
			buildSettings = {
				ASSETCATALOG_COMPILER_APPICON_NAME = AppIcon;
				CODE_SIGN_STYLE = Automatic;
				DEVELOPMENT_TEAM = XLH82XR636;
				INFOPLIST_FILE = "Two Button Challenge/Info.plist";
				LD_RUNPATH_SEARCH_PATHS = (
					"$(inherited)",
					"@executable_path/Frameworks",
				);
				PRODUCT_BUNDLE_IDENTIFIER = "com.tgwade12.Two-Button-Challenge";
				PRODUCT_NAME = "$(TARGET_NAME)";
				SWIFT_VERSION = 5.0;
				TARGETED_DEVICE_FAMILY = "1,2";
			};
			name = Release;
		};
/* End XCBuildConfiguration section */

/* Begin XCConfigurationList section */
		EF6E011E23D6ACE5004C5A04 /* Build configuration list for PBXProject "Two Button Challenge" */ = {
			isa = XCConfigurationList;
			buildConfigurations = (
				EF6E013523D6ACE7004C5A04 /* Debug */,
				EF6E013623D6ACE7004C5A04 /* Release */,
			);
			defaultConfigurationIsVisible = 0;
			defaultConfigurationName = Release;
		};
		EF6E013723D6ACE7004C5A04 /* Build configuration list for PBXNativeTarget "Two Button Challenge" */ = {
			isa = XCConfigurationList;
			buildConfigurations = (
				EF6E013823D6ACE7004C5A04 /* Debug */,
				EF6E013923D6ACE7004C5A04 /* Release */,
			);
			defaultConfigurationIsVisible = 0;
			defaultConfigurationName = Release;
		};
/* End XCConfigurationList section */
	};
	rootObject = EF6E011B23D6ACE5004C5A04 /* Project object */;
}
